
Microsoft Visual Studio Solution File, Format Version 12.00
# Visual Studio 15
VisualStudioVersion = 15.0.27004.2002
MinimumVisualStudioVersion = 10.0.40219.1
Project("{A0786B88-2ADB-4C21-ABE8-AA2D79766269}") = "In-Page Editor", "In-Page Editor\In-Page Editor.phpproj", "{1A823BAC-D4D1-42BF-9272-C4FF34C8688D}"
EndProject
Global
	GlobalSection(SolutionConfigurationPlatforms) = preSolution
		Debug|Any CPU = Debug|Any CPU
		Release|Any CPU = Release|Any CPU
	EndGlobalSection
	GlobalSection(ProjectConfigurationPlatforms) = postSolution
		{1A823BAC-D4D1-42BF-9272-C4FF34C8688D}.Debug|Any CPU.ActiveCfg = Debug|Any CPU
		{1A823BAC-D4D1-42BF-9272-C4FF34C8688D}.Release|Any CPU.ActiveCfg = Release|Any CPU
	EndGlobalSection
	GlobalSection(SolutionProperties) = preSolution
		HideSolutionNode = FALSE
	EndGlobalSection
	GlobalSection(ExtensibilityGlobals) = postSolution
		SolutionGuid = {61869871-A9AD-4CA2-A43E-4AC8B9584998}
	EndGlobalSection
EndGlobal
